
Microsoft Visual Studio Solution File, Format Version 12.00
# Visual Studio 15
Project("{FAE04EC0-301F-11D3-BF4B-00C04F79EFBC}") = "Assembly-CSharp", "Assembly-CSharp.csproj", "{1D47B624-6B20-4158-3B1D-A5C67B0E3B6B}"
EndProject
Project("{FAE04EC0-301F-11D3-BF4B-00C04F79EFBC}") = "Assembly-CSharp-Editor", "Assembly-CSharp-Editor.csproj", "{BA563183-D147-938D-96CE-DC16D8115FE8}"
EndProject
Global
	GlobalSection(SolutionConfigurationPlatforms) = preSolution
		Debug|Any CPU = Debug|Any CPU
		Release|Any CPU = Release|Any CPU
	EndGlobalSection
	GlobalSection(ProjectConfigurationPlatforms) = postSolution
		{1D47B624-6B20-4158-3B1D-A5C67B0E3B6B}.Debug|Any CPU.ActiveCfg = Debug|Any CPU
		{1D47B624-6B20-4158-3B1D-A5C67B0E3B6B}.Debug|Any CPU.Build.0 = Debug|Any CPU
		{1D47B624-6B20-4158-3B1D-A5C67B0E3B6B}.Release|Any CPU.ActiveCfg = Release|Any CPU
		{1D47B624-6B20-4158-3B1D-A5C67B0E3B6B}.Release|Any CPU.Build.0 = Release|Any CPU
		{BA563183-D147-938D-96CE-DC16D8115FE8}.Debug|Any CPU.ActiveCfg = Debug|Any CPU
		{BA563183-D147-938D-96CE-DC16D8115FE8}.Debug|Any CPU.Build.0 = Debug|Any CPU
		{BA563183-D147-938D-96CE-DC16D8115FE8}.Release|Any CPU.ActiveCfg = Release|Any CPU
		{BA563183-D147-938D-96CE-DC16D8115FE8}.Release|Any CPU.Build.0 = Release|Any CPU
	EndGlobalSection
	GlobalSection(SolutionProperties) = preSolution
		HideSolutionNode = FALSE
	EndGlobalSection
EndGlobal
